{
  "name": "octopus-web-sdk",
  "version": "1.0.0",
  "lockfileVersion": 1,
  "requires": true,
  "dependencies": {
    "get-xpath": {
      "version": "3.0.1",
      "resolved": "https://registry.npmmirror.com/get-xpath/-/get-xpath-3.0.1.tgz",
      "integrity": "sha512-GWG+RbJ7VE40rn4/NYYGojQbgN3Eha0s223ZSz1IhHFcGlMU+X7H5Iyrbuz6csiWqedAKplpS3udLw9X1nqX5Q=="
    },
    "ua-parser-js": {
      "version": "1.0.2",
      "resolved": "https://registry.npmmirror.com/ua-parser-js/-/ua-parser-js-1.0.2.tgz",
      "integrity": "sha512-00y/AXhx0/SsnI51fTc0rLRmafiGOM4/O+ny10Ps7f+j/b8p/ZY11ytMgznXkOVo4GQ+KwQG5UQLkLGirsACRg=="
    }
  }
}
